
Microsoft Visual Studio Solution File, Format Version 12.00
# Visual Studio Version 16
VisualStudioVersion = 16.0.31313.79
MinimumVisualStudioVersion = 10.0.40219.1
Project("{FAE04EC0-301F-11D3-BF4B-00C04F79EFBC}") = "SampleTest", "SampleTest\SampleTest.csproj", "{B42349C1-2860-4C88-A774-BD8D64770681}"
EndProject
Global
	GlobalSection(SolutionConfigurationPlatforms) = preSolution
		Debug|Any CPU = Debug|Any CPU
		Release|Any CPU = Release|Any CPU
	EndGlobalSection
	GlobalSection(ProjectConfigurationPlatforms) = postSolution
		{B42349C1-2860-4C88-A774-BD8D64770681}.Debug|Any CPU.ActiveCfg = Debug|Any CPU
		{B42349C1-2860-4C88-A774-BD8D64770681}.Debug|Any CPU.Build.0 = Debug|Any CPU
		{B42349C1-2860-4C88-A774-BD8D64770681}.Release|Any CPU.ActiveCfg = Release|Any CPU
		{B42349C1-2860-4C88-A774-BD8D64770681}.Release|Any CPU.Build.0 = Release|Any CPU
	EndGlobalSection
	GlobalSection(SolutionProperties) = preSolution
		HideSolutionNode = FALSE
	EndGlobalSection
	GlobalSection(ExtensibilityGlobals) = postSolution
		SolutionGuid = {E81C7689-4322-4CFD-9619-285CBAEAEAEC}
	EndGlobalSection
EndGlobal
